// !$*UTF8*$!
{
	archiveVersion = 1;
	classes = {
	};
	objectVersion = 50;
	objects = {

/* Begin PBXBuildFile section */
		5FCD57D9268E723B00ABC89E /* ShareViewController.swift in Sources */ = {isa = PBXBuildFile; fileRef = 5FCD57D8268E723B00ABC89E /* ShareViewController.swift */; };
		5FCD57DC268E723B00ABC89E /* MainInterface.storyboard in Resources */ = {isa = PBXBuildFile; fileRef = 5FCD57DA268E723B00ABC89E /* MainInterface.storyboard */; };
		5FCD57E0268E723B00ABC89E /* SharingTest-extension.appex in Embed App Extensions */ = {isa = PBXBuildFile; fileRef = 5FCD57D6268E723B00ABC89E /* SharingTest-extension.appex */; settings = {ATTRIBUTES = (RemoveHeadersOnCopy, ); }; };
		5FFB9C39268E5BEC0038E6E7 /* AppDelegate.swift in Sources */ = {isa = PBXBuildFile; fileRef = 5FFB9C38268E5BEC0038E6E7 /* AppDelegate.swift */; };
		5FFB9C3B268E5BEC0038E6E7 /* SceneDelegate.swift in Sources */ = {isa = PBXBuildFile; fileRef = 5FFB9C3A268E5BEC0038E6E7 /* SceneDelegate.swift */; };
		5FFB9C3D268E5BEC0038E6E7 /* ViewController.swift in Sources */ = {isa = PBXBuildFile; fileRef = 5FFB9C3C268E5BEC0038E6E7 /* ViewController.swift */; };
		5FFB9C40268E5BEC0038E6E7 /* Main.storyboard in Resources */ = {isa = PBXBuildFile; fileRef = 5FFB9C3E268E5BEC0038E6E7 /* Main.storyboard */; };
		5FFB9C42268E5BF10038E6E7 /* Assets.xcassets in Resources */ = {isa = PBXBuildFile; fileRef = 5FFB9C41268E5BF10038E6E7 /* Assets.xcassets */; };
		5FFB9C45268E5BF10038E6E7 /* LaunchScreen.storyboard in Resources */ = {isa = PBXBuildFile; fileRef = 5FFB9C43268E5BF10038E6E7 /* LaunchScreen.storyboard */; };
		A6468881268F45FC00A167C5 /* ShareViewController.swift in Sources */ = {isa = PBXBuildFile; fileRef = 5FCD57D8268E723B00ABC89E /* ShareViewController.swift */; };
/* End PBXBuildFile section */

/* Begin PBXContainerItemProxy section */
		5FCD57DE268E723B00ABC89E /* PBXContainerItemProxy */ = {
			isa = PBXContainerItemProxy;
			containerPortal = 5FFB9C2D268E5BEC0038E6E7 /* Project object */;
			proxyType = 1;
			remoteGlobalIDString = 5FCD57D5268E723B00ABC89E;
			remoteInfo = "SharingTest-extension";
		};
/* End PBXContainerItemProxy section */

/* Begin PBXCopyFilesBuildPhase section */
		5FFB9C5E268E5C0F0038E6E7 /* Embed App Extensions */ = {
			isa = PBXCopyFilesBuildPhase;
			buildActionMask = 2147483647;
			dstPath = "";
			dstSubfolderSpec = 13;
			files = (
				5FCD57E0268E723B00ABC89E /* SharingTest-extension.appex in Embed App Extensions */,
			);
			name = "Embed App Extensions";
			runOnlyForDeploymentPostprocessing = 0;
		};
/* End PBXCopyFilesBuildPhase section */

/* Begin PBXFileReference section */
		5FCD57D6268E723B00ABC89E /* SharingTest-extension.appex */ = {isa = PBXFileReference; explicitFileType = "wrapper.app-extension"; includeInIndex = 0; path = "SharingTest-extension.appex"; sourceTree = BUILT_PRODUCTS_DIR; };
		5FCD57D8268E723B00ABC89E /* ShareViewController.swift */ = {isa = PBXFileReference; lastKnownFileType = sourcecode.swift; path = ShareViewController.swift; sourceTree = "<group>"; };
		5FCD57DB268E723B00ABC89E /* Base */ = {isa = PBXFileReference; lastKnownFileType = file.storyboard; name = Base; path = Base.lproj/MainInterface.storyboard; sourceTree = "<group>"; };
		5FCD57DD268E723B00ABC89E /* Info.plist */ = {isa = PBXFileReference; lastKnownFileType = text.plist.xml; path = Info.plist; sourceTree = "<group>"; };
		5FFB9C35268E5BEC0038E6E7 /* SharingTest.app */ = {isa = PBXFileReference; explicitFileType = wrapper.application; includeInIndex = 0; path = SharingTest.app; sourceTree = BUILT_PRODUCTS_DIR; };
		5FFB9C38268E5BEC0038E6E7 /* AppDelegate.swift */ = {isa = PBXFileReference; lastKnownFileType = sourcecode.swift; path = AppDelegate.swift; sourceTree = "<group>"; };
		5FFB9C3A268E5BEC0038E6E7 /* SceneDelegate.swift */ = {isa = PBXFileReference; lastKnownFileType = sourcecode.swift; path = SceneDelegate.swift; sourceTree = "<group>"; };
		5FFB9C3C268E5BEC0038E6E7 /* ViewController.swift */ = {isa = PBXFileReference; lastKnownFileType = sourcecode.swift; path = ViewController.swift; sourceTree = "<group>"; };
		5FFB9C3F268E5BEC0038E6E7 /* Base */ = {isa = PBXFileReference; lastKnownFileType = file.storyboard; name = Base; path = Base.lproj/Main.storyboard; sourceTree = "<group>"; };
		5FFB9C41268E5BF10038E6E7 /* Assets.xcassets */ = {isa = PBXFileReference; lastKnownFileType = folder.assetcatalog; path = Assets.xcassets; sourceTree = "<group>"; };
		5FFB9C44268E5BF10038E6E7 /* Base */ = {isa = PBXFileReference; lastKnownFileType = file.storyboard; name = Base; path = Base.lproj/LaunchScreen.storyboard; sourceTree = "<group>"; };
		5FFB9C46268E5BF10038E6E7 /* Info.plist */ = {isa = PBXFileReference; lastKnownFileType = text.plist.xml; path = Info.plist; sourceTree = "<group>"; };
/* End PBXFileReference section */

/* Begin PBXFrameworksBuildPhase section */
		5FCD57D3268E723B00ABC89E /* Frameworks */ = {
			isa = PBXFrameworksBuildPhase;
			buildActionMask = 2147483647;
			files = (
			);
			runOnlyForDeploymentPostprocessing = 0;
		};
		5FFB9C32268E5BEC0038E6E7 /* Frameworks */ = {
			isa = PBXFrameworksBuildPhase;
			buildActionMask = 2147483647;
			files = (
			);
			runOnlyForDeploymentPostprocessing = 0;
		};
/* End PBXFrameworksBuildPhase section */

/* Begin PBXGroup section */
		5FCD57D7268E723B00ABC89E /* SharingTest-extension */ = {
			isa = PBXGroup;
			children = (
				5FCD57D8268E723B00ABC89E /* ShareViewController.swift */,
				5FCD57DA268E723B00ABC89E /* MainInterface.storyboard */,
				5FCD57DD268E723B00ABC89E /* Info.plist */,
			);
			path = "SharingTest-extension";
			sourceTree = "<group>";
		};
		5FFB9C2C268E5BEC0038E6E7 = {
			isa = PBXGroup;
			children = (
				5FFB9C37268E5BEC0038E6E7 /* SharingTest */,
				5FCD57D7268E723B00ABC89E /* SharingTest-extension */,
				5FFB9C36268E5BEC0038E6E7 /* Products */,
			);
			sourceTree = "<group>";
		};
		5FFB9C36268E5BEC0038E6E7 /* Products */ = {
			isa = PBXGroup;
			children = (
				5FFB9C35268E5BEC0038E6E7 /* SharingTest.app */,
				5FCD57D6268E723B00ABC89E /* SharingTest-extension.appex */,
			);
			name = Products;
			sourceTree = "<group>";
		};
		5FFB9C37268E5BEC0038E6E7 /* SharingTest */ = {
			isa = PBXGroup;
			children = (
				5FFB9C38268E5BEC0038E6E7 /* AppDelegate.swift */,
				5FFB9C3A268E5BEC0038E6E7 /* SceneDelegate.swift */,
				5FFB9C3C268E5BEC0038E6E7 /* ViewController.swift */,
				5FFB9C3E268E5BEC0038E6E7 /* Main.storyboard */,
				5FFB9C41268E5BF10038E6E7 /* Assets.xcassets */,
				5FFB9C43268E5BF10038E6E7 /* LaunchScreen.storyboard */,
				5FFB9C46268E5BF10038E6E7 /* Info.plist */,
			);
			path = SharingTest;
			sourceTree = "<group>";
		};
/* End PBXGroup section */

/* Begin PBXNativeTarget section */
		5FCD57D5268E723B00ABC89E /* SharingTest-extension */ = {
			isa = PBXNativeTarget;
			buildConfigurationList = 5FCD57E3268E723B00ABC89E /* Build configuration list for PBXNativeTarget "SharingTest-extension" */;
			buildPhases = (
				5FCD57D2268E723B00ABC89E /* Sources */,
				5FCD57D3268E723B00ABC89E /* Frameworks */,
				5FCD57D4268E723B00ABC89E /* Resources */,
			);
			buildRules = (
			);
			dependencies = (
			);
			name = "SharingTest-extension";
			productName = "SharingTest-extension";
			productReference = 5FCD57D6268E723B00ABC89E /* SharingTest-extension.appex */;
			productType = "com.apple.product-type.app-extension";
		};
		5FFB9C34268E5BEC0038E6E7 /* SharingTest */ = {
			isa = PBXNativeTarget;
			buildConfigurationList = 5FFB9C49268E5BF10038E6E7 /* Build configuration list for PBXNativeTarget "SharingTest" */;
			buildPhases = (
				5FFB9C31268E5BEC0038E6E7 /* Sources */,
				5FFB9C32268E5BEC0038E6E7 /* Frameworks */,
				5FFB9C33268E5BEC0038E6E7 /* Resources */,
				5FFB9C5E268E5C0F0038E6E7 /* Embed App Extensions */,
			);
			buildRules = (
			);
			dependencies = (
				5FCD57DF268E723B00ABC89E /* PBXTargetDependency */,
			);
			name = SharingTest;
			productName = SharingTest;
			productReference = 5FFB9C35268E5BEC0038E6E7 /* SharingTest.app */;
			productType = "com.apple.product-type.application";
		};
/* End PBXNativeTarget section */

/* Begin PBXProject section */
		5FFB9C2D268E5BEC0038E6E7 /* Project object */ = {
			isa = PBXProject;
			attributes = {
				LastSwiftUpdateCheck = 1250;
				LastUpgradeCheck = 1250;
				TargetAttributes = {
					5FCD57D5268E723B00ABC89E = {
						CreatedOnToolsVersion = 12.5.1;
					};
					5FFB9C34268E5BEC0038E6E7 = {
						CreatedOnToolsVersion = 12.5.1;
					};
				};
			};
			buildConfigurationList = 5FFB9C30268E5BEC0038E6E7 /* Build configuration list for PBXProject "SharingTest" */;
			compatibilityVersion = "Xcode 9.3";
			developmentRegion = en;
			hasScannedForEncodings = 0;
			knownRegions = (
				en,
				Base,
			);
			mainGroup = 5FFB9C2C268E5BEC0038E6E7;
			productRefGroup = 5FFB9C36268E5BEC0038E6E7 /* Products */;
			projectDirPath = "";
			projectRoot = "";
			targets = (
				5FFB9C34268E5BEC0038E6E7 /* SharingTest */,
				5FCD57D5268E723B00ABC89E /* SharingTest-extension */,
			);
		};
/* End PBXProject section */

/* Begin PBXResourcesBuildPhase section */
		5FCD57D4268E723B00ABC89E /* Resources */ = {
			isa = PBXResourcesBuildPhase;
			buildActionMask = 2147483647;
			files = (
				5FCD57DC268E723B00ABC89E /* MainInterface.storyboard in Resources */,
			);
			runOnlyForDeploymentPostprocessing = 0;
		};
		5FFB9C33268E5BEC0038E6E7 /* Resources */ = {
			isa = PBXResourcesBuildPhase;
			buildActionMask = 2147483647;
			files = (
				5FFB9C45268E5BF10038E6E7 /* LaunchScreen.storyboard in Resources */,
				5FFB9C42268E5BF10038E6E7 /* Assets.xcassets in Resources */,
				5FFB9C40268E5BEC0038E6E7 /* Main.storyboard in Resources */,
			);
			runOnlyForDeploymentPostprocessing = 0;
		};
/* End PBXResourcesBuildPhase section */

/* Begin PBXSourcesBuildPhase section */
		5FCD57D2268E723B00ABC89E /* Sources */ = {
			isa = PBXSourcesBuildPhase;
			buildActionMask = 2147483647;
			files = (
				5FCD57D9268E723B00ABC89E /* ShareViewController.swift in Sources */,
			);
			runOnlyForDeploymentPostprocessing = 0;
		};
		5FFB9C31268E5BEC0038E6E7 /* Sources */ = {
			isa = PBXSourcesBuildPhase;
			buildActionMask = 2147483647;
			files = (
				5FFB9C3D268E5BEC0038E6E7 /* ViewController.swift in Sources */,
				5FFB9C39268E5BEC0038E6E7 /* AppDelegate.swift in Sources */,
				A6468881268F45FC00A167C5 /* ShareViewController.swift in Sources */,
				5FFB9C3B268E5BEC0038E6E7 /* SceneDelegate.swift in Sources */,
			);
			runOnlyForDeploymentPostprocessing = 0;
		};
/* End PBXSourcesBuildPhase section */

/* Begin PBXTargetDependency section */
		5FCD57DF268E723B00ABC89E /* PBXTargetDependency */ = {
			isa = PBXTargetDependency;
			target = 5FCD57D5268E723B00ABC89E /* SharingTest-extension */;
			targetProxy = 5FCD57DE268E723B00ABC89E /* PBXContainerItemProxy */;
		};
/* End PBXTargetDependency section */

/* Begin PBXVariantGroup section */
		5FCD57DA268E723B00ABC89E /* MainInterface.storyboard */ = {
			isa = PBXVariantGroup;
			children = (
				5FCD57DB268E723B00ABC89E /* Base */,
			);
			name = MainInterface.storyboard;
			sourceTree = "<group>";
		};
		5FFB9C3E268E5BEC0038E6E7 /* Main.storyboard */ = {
			isa = PBXVariantGroup;
			children = (
				5FFB9C3F268E5BEC0038E6E7 /* Base */,
			);
			name = Main.storyboard;
			sourceTree = "<group>";
		};
		5FFB9C43268E5BF10038E6E7 /* LaunchScreen.storyboard */ = {
			isa = PBXVariantGroup;
			children = (
				5FFB9C44268E5BF10038E6E7 /* Base */,
			);
			name = LaunchScreen.storyboard;
			sourceTree = "<group>";
		};
/* End PBXVariantGroup section */

/* Begin XCBuildConfiguration section */
		5FCD57E1268E723B00ABC89E /* Debug */ = {
			isa = XCBuildConfiguration;
			buildSettings = {
				CODE_SIGN_STYLE = Automatic;
				INFOPLIST_FILE = "SharingTest-extension/Info.plist";
				LD_RUNPATH_SEARCH_PATHS = (
					"$(inherited)",
					"@executable_path/Frameworks",
					"@executable_path/../../Frameworks",
				);
				PRODUCT_BUNDLE_IDENTIFIER = "com.fractalbyte.SharingTest.SharingTest-extension";
				PRODUCT_NAME = "$(TARGET_NAME)";
				SKIP_INSTALL = YES;
				SWIFT_VERSION = 5.0;
				TARGETED_DEVICE_FAMILY = "1,2";
			};
			name = Debug;
		};
		5FCD57E2268E723B00ABC89E /* Release */ = {
			isa = XCBuildConfiguration;
			buildSettings = {
				CODE_SIGN_STYLE = Automatic;
				INFOPLIST_FILE = "SharingTest-extension/Info.plist";
				LD_RUNPATH_SEARCH_PATHS = (
					"$(inherited)",
					"@executable_path/Frameworks",
					"@executable_path/../../Frameworks",
				);
				PRODUCT_BUNDLE_IDENTIFIER = "com.fractalbyte.SharingTest.SharingTest-extension";
				PRODUCT_NAME = "$(TARGET_NAME)";
				SKIP_INSTALL = YES;
				SWIFT_VERSION = 5.0;
				TARGETED_DEVICE_FAMILY = "1,2";
			};
			name = Release;
		};
		5FFB9C47268E5BF10038E6E7 /* Debug */ = {
			isa = XCBuildConfiguration;
			buildSettings = {
				ALWAYS_SEARCH_USER_PATHS = NO;
				CLANG_ANALYZER_NONNULL = YES;
				CLANG_ANALYZER_NUMBER_OBJECT_CONVERSION = YES_AGGRESSIVE;
				CLANG_CXX_LANGUAGE_STANDARD = "gnu++14";
				CLANG_CXX_LIBRARY = "libc++";
				CLANG_ENABLE_MODULES = YES;
				CLANG_ENABLE_OBJC_ARC = YES;
				CLANG_ENABLE_OBJC_WEAK = YES;
				CLANG_WARN_BLOCK_CAPTURE_AUTORELEASING = YES;
				CLANG_WARN_BOOL_CONVERSION = YES;
				CLANG_WARN_COMMA = YES;
				CLANG_WARN_CONSTANT_CONVERSION = YES;
				CLANG_WARN_DEPRECATED_OBJC_IMPLEMENTATIONS = YES;
				CLANG_WARN_DIRECT_OBJC_ISA_USAGE = YES_ERROR;
				CLANG_WARN_DOCUMENTATION_COMMENTS = YES;
				CLANG_WARN_EMPTY_BODY = YES;
				CLANG_WARN_ENUM_CONVERSION = YES;
				CLANG_WARN_INFINITE_RECURSION = YES;
				CLANG_WARN_INT_CONVERSION = YES;
				CLANG_WARN_NON_LITERAL_NULL_CONVERSION = YES;
				CLANG_WARN_OBJC_IMPLICIT_RETAIN_SELF = YES;
				CLANG_WARN_OBJC_LITERAL_CONVERSION = YES;
				CLANG_WARN_OBJC_ROOT_CLASS = YES_ERROR;
				CLANG_WARN_QUOTED_INCLUDE_IN_FRAMEWORK_HEADER = YES;
				CLANG_WARN_RANGE_LOOP_ANALYSIS = YES;
				CLANG_WARN_STRICT_PROTOTYPES = YES;
				CLANG_WARN_SUSPICIOUS_MOVE = YES;
				CLANG_WARN_UNGUARDED_AVAILABILITY = YES_AGGRESSIVE;
				CLANG_WARN_UNREACHABLE_CODE = YES;
				CLANG_WARN__DUPLICATE_METHOD_MATCH = YES;
				COPY_PHASE_STRIP = NO;
				DEBUG_INFORMATION_FORMAT = dwarf;
				ENABLE_STRICT_OBJC_MSGSEND = YES;
				ENABLE_TESTABILITY = YES;
				GCC_C_LANGUAGE_STANDARD = gnu11;
				GCC_DYNAMIC_NO_PIC = NO;
				GCC_NO_COMMON_BLOCKS = YES;
				GCC_OPTIMIZATION_LEVEL = 0;
				GCC_PREPROCESSOR_DEFINITIONS = (
					"DEBUG=1",
					"$(inherited)",
				);
				GCC_WARN_64_TO_32_BIT_CONVERSION = YES;
				GCC_WARN_ABOUT_RETURN_TYPE = YES_ERROR;
				GCC_WARN_UNDECLARED_SELECTOR = YES;
				GCC_WARN_UNINITIALIZED_AUTOS = YES_AGGRESSIVE;
				GCC_WARN_UNUSED_FUNCTION = YES;
				GCC_WARN_UNUSED_VARIABLE = YES;
				IPHONEOS_DEPLOYMENT_TARGET = 14.5;
				MTL_ENABLE_DEBUG_INFO = INCLUDE_SOURCE;
				MTL_FAST_MATH = YES;
				ONLY_ACTIVE_ARCH = YES;
				SDKROOT = iphoneos;
				SWIFT_ACTIVE_COMPILATION_CONDITIONS = DEBUG;
				SWIFT_OPTIMIZATION_LEVEL = "-Onone";
			};
			name = Debug;
		};
		5FFB9C48268E5BF10038E6E7 /* Release */ = {
			isa = XCBuildConfiguration;
			buildSettings = {
				ALWAYS_SEARCH_USER_PATHS = NO;
				CLANG_ANALYZER_NONNULL = YES;
				CLANG_ANALYZER_NUMBER_OBJECT_CONVERSION = YES_AGGRESSIVE;
				CLANG_CXX_LANGUAGE_STANDARD = "gnu++14";
				CLANG_CXX_LIBRARY = "libc++";
				CLANG_ENABLE_MODULES = YES;
				CLANG_ENABLE_OBJC_ARC = YES;
				CLANG_ENABLE_OBJC_WEAK = YES;
				CLANG_WARN_BLOCK_CAPTURE_AUTORELEASING = YES;
				CLANG_WARN_BOOL_CONVERSION = YES;
				CLANG_WARN_COMMA = YES;
				CLANG_WARN_CONSTANT_CONVERSION = YES;
				CLANG_WARN_DEPRECATED_OBJC_IMPLEMENTATIONS = YES;
				CLANG_WARN_DIRECT_OBJC_ISA_USAGE = YES_ERROR;
				CLANG_WARN_DOCUMENTATION_COMMENTS = YES;
				CLANG_WARN_EMPTY_BODY = YES;
				CLANG_WARN_ENUM_CONVERSION = YES;
				CLANG_WARN_INFINITE_RECURSION = YES;
				CLANG_WARN_INT_CONVERSION = YES;
				CLANG_WARN_NON_LITERAL_NULL_CONVERSION = YES;
				CLANG_WARN_OBJC_IMPLICIT_RETAIN_SELF = YES;
				CLANG_WARN_OBJC_LITERAL_CONVERSION = YES;
				CLANG_WARN_OBJC_ROOT_CLASS = YES_ERROR;
				CLANG_WARN_QUOTED_INCLUDE_IN_FRAMEWORK_HEADER = YES;
				CLANG_WARN_RANGE_LOOP_ANALYSIS = YES;
				CLANG_WARN_STRICT_PROTOTYPES = YES;
				CLANG_WARN_SUSPICIOUS_MOVE = YES;
				CLANG_WARN_UNGUARDED_AVAILABILITY = YES_AGGRESSIVE;
				CLANG_WARN_UNREACHABLE_CODE = YES;
				CLANG_WARN__DUPLICATE_METHOD_MATCH = YES;
				COPY_PHASE_STRIP = NO;
				DEBUG_INFORMATION_FORMAT = "dwarf-with-dsym";
				ENABLE_NS_ASSERTIONS = NO;
				ENABLE_STRICT_OBJC_MSGSEND = YES;
				GCC_C_LANGUAGE_STANDARD = gnu11;
				GCC_NO_COMMON_BLOCKS = YES;
				GCC_WARN_64_TO_32_BIT_CONVERSION = YES;
				GCC_WARN_ABOUT_RETURN_TYPE = YES_ERROR;
				GCC_WARN_UNDECLARED_SELECTOR = YES;
				GCC_WARN_UNINITIALIZED_AUTOS = YES_AGGRESSIVE;
				GCC_WARN_UNUSED_FUNCTION = YES;
				GCC_WARN_UNUSED_VARIABLE = YES;
				IPHONEOS_DEPLOYMENT_TARGET = 14.5;
				MTL_ENABLE_DEBUG_INFO = NO;
				MTL_FAST_MATH = YES;
				SDKROOT = iphoneos;
				SWIFT_COMPILATION_MODE = wholemodule;
				SWIFT_OPTIMIZATION_LEVEL = "-O";
				VALIDATE_PRODUCT = YES;
			};
			name = Release;
		};
		5FFB9C4A268E5BF10038E6E7 /* Debug */ = {
			isa = XCBuildConfiguration;
			buildSettings = {
				ALWAYS_EMBED_SWIFT_STANDARD_LIBRARIES = YES;
				ASSETCATALOG_COMPILER_APPICON_NAME = AppIcon;
				ASSETCATALOG_COMPILER_GLOBAL_ACCENT_COLOR_NAME = AccentColor;
				CODE_SIGN_STYLE = Automatic;
				INFOPLIST_FILE = SharingTest/Info.plist;
				LD_RUNPATH_SEARCH_PATHS = (
					"$(inherited)",
					"@executable_path/Frameworks",
				);
				PRODUCT_BUNDLE_IDENTIFIER = com.fractalbyte.SharingTest;
				PRODUCT_NAME = "$(TARGET_NAME)";
				SWIFT_VERSION = 5.0;
				TARGETED_DEVICE_FAMILY = "1,2";
			};
			name = Debug;
		};
		5FFB9C4B268E5BF10038E6E7 /* Release */ = {
			isa = XCBuildConfiguration;
			buildSettings = {
				ALWAYS_EMBED_SWIFT_STANDARD_LIBRARIES = YES;
				ASSETCATALOG_COMPILER_APPICON_NAME = AppIcon;
				ASSETCATALOG_COMPILER_GLOBAL_ACCENT_COLOR_NAME = AccentColor;
				CODE_SIGN_STYLE = Automatic;
				INFOPLIST_FILE = SharingTest/Info.plist;
				LD_RUNPATH_SEARCH_PATHS = (
					"$(inherited)",
					"@executable_path/Frameworks",
				);
				PRODUCT_BUNDLE_IDENTIFIER = com.fractalbyte.SharingTest;
				PRODUCT_NAME = "$(TARGET_NAME)";
				SWIFT_VERSION = 5.0;
				TARGETED_DEVICE_FAMILY = "1,2";
			};
			name = Release;
		};
/* End XCBuildConfiguration section */

/* Begin XCConfigurationList section */
		5FCD57E3268E723B00ABC89E /* Build configuration list for PBXNativeTarget "SharingTest-extension" */ = {
			isa = XCConfigurationList;
			buildConfigurations = (
				5FCD57E1268E723B00ABC89E /* Debug */,
				5FCD57E2268E723B00ABC89E /* Release */,
			);
			defaultConfigurationIsVisible = 0;
			defaultConfigurationName = Release;
		};
		5FFB9C30268E5BEC0038E6E7 /* Build configuration list for PBXProject "SharingTest" */ = {
			isa = XCConfigurationList;
			buildConfigurations = (
				5FFB9C47268E5BF10038E6E7 /* Debug */,
				5FFB9C48268E5BF10038E6E7 /* Release */,
			);
			defaultConfigurationIsVisible = 0;
			defaultConfigurationName = Release;
		};
		5FFB9C49268E5BF10038E6E7 /* Build configuration list for PBXNativeTarget "SharingTest" */ = {
			isa = XCConfigurationList;
			buildConfigurations = (
				5FFB9C4A268E5BF10038E6E7 /* Debug */,
				5FFB9C4B268E5BF10038E6E7 /* Release */,
			);
			defaultConfigurationIsVisible = 0;
			defaultConfigurationName = Release;
		};
/* End XCConfigurationList section */
	};
	rootObject = 5FFB9C2D268E5BEC0038E6E7 /* Project object */;
}
